// !$*UTF8*$!
{
	archiveVersion = 1;
	classes = {
	};
	objectVersion = 56;
	objects = {

/* Begin PBXBuildFile section */
		2DE4141519B54B5BADF061A5 /* RAFShutterParser.swift in Sources */ = {isa = PBXBuildFile; fileRef = 98FDE0CC286F45BCA400476D /* RAFShutterParser.swift */; };
		827360AB944A4436862049AB /* RAFShutterCountApp.swift in Sources */ = {isa = PBXBuildFile; fileRef = C470B744D5E2406D9B7A3AF9 /* RAFShutterCountApp.swift */; };
		9B1979F193C64F6AA45C3244 /* PrivacyInfo.xcprivacy in Resources */ = {isa = PBXBuildFile; fileRef = 041C2F59D2374E9AA580E623 /* PrivacyInfo.xcprivacy */; };
		A1B2C3D4E5F6071829304050 /* Localizable.strings in Resources */ = {isa = PBXBuildFile; fileRef = A1B2C3D4E5F6071829304052 /* Localizable.strings */; };
		A1B2C3D4E5F6071829304051 /* InfoPlist.strings in Resources */ = {isa = PBXBuildFile; fileRef = A1B2C3D4E5F6071829304053 /* InfoPlist.strings */; };
		AE66FD73DA744BD49F1D02F8 /* ContentView.swift in Sources */ = {isa = PBXBuildFile; fileRef = 2B17BF4959C743BF8105E255 /* ContentView.swift */; };
		CF95CBC9F1FB45FCA143EAC0 /* Assets.xcassets in Resources */ = {isa = PBXBuildFile; fileRef = 81D3ABE3AE0D4987B6F239E9 /* Assets.xcassets */; };
/* End PBXBuildFile section */

/* Begin PBXFileReference section */
		041C2F59D2374E9AA580E623 /* PrivacyInfo.xcprivacy */ = {isa = PBXFileReference; lastKnownFileType = text.xml; path = PrivacyInfo.xcprivacy; sourceTree = "<group>"; };
		2B17BF4959C743BF8105E255 /* ContentView.swift */ = {isa = PBXFileReference; lastKnownFileType = sourcecode.swift; path = ContentView.swift; sourceTree = "<group>"; };
		81D3ABE3AE0D4987B6F239E9 /* Assets.xcassets */ = {isa = PBXFileReference; lastKnownFileType = folder.assetcatalog; path = Assets.xcassets; sourceTree = "<group>"; };
		98FDE0CC286F45BCA400476D /* RAFShutterParser.swift */ = {isa = PBXFileReference; lastKnownFileType = sourcecode.swift; path = RAFShutterParser.swift; sourceTree = "<group>"; };
		A1B2C3D4E5F607182930460 /* en */ = {isa = PBXFileReference; lastKnownFileType = text.plist.strings; name = en; path = en.lproj/Localizable.strings; sourceTree = "<group>"; };
		A1B2C3D4E5F607182930461 /* fr */ = {isa = PBXFileReference; lastKnownFileType = text.plist.strings; name = fr; path = fr.lproj/Localizable.strings; sourceTree = "<group>"; };
		A1B2C3D4E5F607182930462 /* zh-Hans */ = {isa = PBXFileReference; lastKnownFileType = text.plist.strings; name = "zh-Hans"; path = "zh-Hans.lproj/Localizable.strings"; sourceTree = "<group>"; };
		A1B2C3D4E5F607182930463 /* fa */ = {isa = PBXFileReference; lastKnownFileType = text.plist.strings; name = fa; path = fa.lproj/Localizable.strings; sourceTree = "<group>"; };
		A1B2C3D4E5F607182930464 /* de */ = {isa = PBXFileReference; lastKnownFileType = text.plist.strings; name = de; path = de.lproj/Localizable.strings; sourceTree = "<group>"; };
		A1B2C3D4E5F607182930465 /* es */ = {isa = PBXFileReference; lastKnownFileType = text.plist.strings; name = es; path = es.lproj/Localizable.strings; sourceTree = "<group>"; };
		A1B2C3D4E5F607182930466 /* it */ = {isa = PBXFileReference; lastKnownFileType = text.plist.strings; name = it; path = it.lproj/Localizable.strings; sourceTree = "<group>"; };
		A1B2C3D4E5F607182930467 /* ru */ = {isa = PBXFileReference; lastKnownFileType = text.plist.strings; name = ru; path = ru.lproj/Localizable.strings; sourceTree = "<group>"; };
		A1B2C3D4E5F607182930468 /* uk */ = {isa = PBXFileReference; lastKnownFileType = text.plist.strings; name = uk; path = uk.lproj/Localizable.strings; sourceTree = "<group>"; };
		A1B2C3D4E5F607182930480 /* en */ = {isa = PBXFileReference; lastKnownFileType = text.plist.strings; name = en; path = en.lproj/InfoPlist.strings; sourceTree = "<group>"; };
		A1B2C3D4E5F607182930481 /* fr */ = {isa = PBXFileReference; lastKnownFileType = text.plist.strings; name = fr; path = fr.lproj/InfoPlist.strings; sourceTree = "<group>"; };
		A1B2C3D4E5F607182930482 /* zh-Hans */ = {isa = PBXFileReference; lastKnownFileType = text.plist.strings; name = "zh-Hans"; path = "zh-Hans.lproj/InfoPlist.strings"; sourceTree = "<group>"; };
		A1B2C3D4E5F607182930483 /* fa */ = {isa = PBXFileReference; lastKnownFileType = text.plist.strings; name = fa; path = fa.lproj/InfoPlist.strings; sourceTree = "<group>"; };
		A1B2C3D4E5F607182930484 /* de */ = {isa = PBXFileReference; lastKnownFileType = text.plist.strings; name = de; path = de.lproj/InfoPlist.strings; sourceTree = "<group>"; };
		A1B2C3D4E5F607182930485 /* es */ = {isa = PBXFileReference; lastKnownFileType = text.plist.strings; name = es; path = es.lproj/InfoPlist.strings; sourceTree = "<group>"; };
		A1B2C3D4E5F607182930486 /* it */ = {isa = PBXFileReference; lastKnownFileType = text.plist.strings; name = it; path = it.lproj/InfoPlist.strings; sourceTree = "<group>"; };
		A1B2C3D4E5F607182930487 /* ru */ = {isa = PBXFileReference; lastKnownFileType = text.plist.strings; name = ru; path = ru.lproj/InfoPlist.strings; sourceTree = "<group>"; };
		A1B2C3D4E5F607182930488 /* uk */ = {isa = PBXFileReference; lastKnownFileType = text.plist.strings; name = uk; path = uk.lproj/InfoPlist.strings; sourceTree = "<group>"; };
		C470B744D5E2406D9B7A3AF9 /* RAFShutterCountApp.swift */ = {isa = PBXFileReference; lastKnownFileType = sourcecode.swift; path = RAFShutterCountApp.swift; sourceTree = "<group>"; };
		D5B5B0959B9D4B60A88C8B50 /* Info.plist */ = {isa = PBXFileReference; lastKnownFileType = text.plist.xml; path = Info.plist; sourceTree = "<group>"; };
		F01D4F7D296349BAB62D6B0D /* RAFShutterCount.app */ = {isa = PBXFileReference; explicitFileType = wrapper.application; includeInIndex = 0; path = RAFShutterCount.app; sourceTree = BUILT_PRODUCTS_DIR; };
/* End PBXFileReference section */

/* Begin PBXFrameworksBuildPhase section */
		796E9A33C23848288DA26C5C /* Frameworks */ = {
			isa = PBXFrameworksBuildPhase;
			buildActionMask = 2147483647;
			files = (
			);
			runOnlyForDeploymentPostprocessing = 0;
		};
/* End PBXFrameworksBuildPhase section */

/* Begin PBXGroup section */
		8C0327B58F8549649D00B958 = {
			isa = PBXGroup;
			children = (
				A37E7EB60A514B3F91C5FE74 /* RAFShutterCount */,
				A493AADB11194069A25D639C /* Products */,
			);
			sourceTree = "<group>";
		};
		A37E7EB60A514B3F91C5FE74 /* RAFShutterCount */ = {
			isa = PBXGroup;
			children = (
				C470B744D5E2406D9B7A3AF9 /* RAFShutterCountApp.swift */,
				2B17BF4959C743BF8105E255 /* ContentView.swift */,
				98FDE0CC286F45BCA400476D /* RAFShutterParser.swift */,
				D5B5B0959B9D4B60A88C8B50 /* Info.plist */,
				A1B2C3D4E5F6071829304052 /* Localizable.strings */,
				A1B2C3D4E5F6071829304053 /* InfoPlist.strings */,
				041C2F59D2374E9AA580E623 /* PrivacyInfo.xcprivacy */,
				81D3ABE3AE0D4987B6F239E9 /* Assets.xcassets */,
			);
			path = RAFShutterCount;
			sourceTree = "<group>";
		};
		A493AADB11194069A25D639C /* Products */ = {
			isa = PBXGroup;
			children = (
				F01D4F7D296349BAB62D6B0D /* RAFShutterCount.app */,
			);
			name = Products;
			sourceTree = "<group>";
		};
/* End PBXGroup section */

/* Begin PBXNativeTarget section */
		8F96559A3C044B9091A3205B /* RAFShutterCount */ = {
			isa = PBXNativeTarget;
			buildConfigurationList = 7772E5DC87494580B2D09FC4 /* Build configuration list for PBXNativeTarget "RAFShutterCount" */;
			buildPhases = (
				B82C8E05609741919F7DEC73 /* Sources */,
				796E9A33C23848288DA26C5C /* Frameworks */,
				5DE5156500814E60B422B8CB /* Resources */,
			);
			buildRules = (
			);
			dependencies = (
			);
			name = RAFShutterCount;
			productName = RAFShutterCount;
			productReference = F01D4F7D296349BAB62D6B0D /* RAFShutterCount.app */;
			productType = "com.apple.product-type.application";
		};
/* End PBXNativeTarget section */

/* Begin PBXProject section */
		010C3D2E7C2545E1AD526AAC /* Project object */ = {
			isa = PBXProject;
			attributes = {
				BuildIndependentTargetsInParallel = 1;
				LastSwiftUpdateCheck = 1600;
				LastUpgradeCheck = 1600;
				TargetAttributes = {
					8F96559A3C044B9091A3205B = {
						CreatedOnToolsVersion = 16.0;
						ProvisioningStyle = Automatic;
					};
				};
			};
			buildConfigurationList = BC76B53BA679439597A010D7 /* Build configuration list for PBXProject "RAFShutterCount" */;
			compatibilityVersion = "Xcode 14.0";
			developmentRegion = en;
			hasScannedForEncodings = 0;
			knownRegions = (
				en,
				Base,
				fr,
				"zh-Hans",
				fa,
				de,
				es,
				it,
				ru,
				uk,
			);
			mainGroup = 8C0327B58F8549649D00B958;
			productRefGroup = A493AADB11194069A25D639C /* Products */;
			projectDirPath = "";
			projectRoot = "";
			targets = (
				8F96559A3C044B9091A3205B /* RAFShutterCount */,
			);
		};
/* End PBXProject section */

/* Begin PBXResourcesBuildPhase section */
		5DE5156500814E60B422B8CB /* Resources */ = {
			isa = PBXResourcesBuildPhase;
			buildActionMask = 2147483647;
			files = (
				A1B2C3D4E5F6071829304050 /* Localizable.strings in Resources */,
				A1B2C3D4E5F6071829304051 /* InfoPlist.strings in Resources */,
				CF95CBC9F1FB45FCA143EAC0 /* Assets.xcassets in Resources */,
				9B1979F193C64F6AA45C3244 /* PrivacyInfo.xcprivacy in Resources */,
			);
			runOnlyForDeploymentPostprocessing = 0;
		};
/* End PBXResourcesBuildPhase section */

/* Begin PBXSourcesBuildPhase section */
		B82C8E05609741919F7DEC73 /* Sources */ = {
			isa = PBXSourcesBuildPhase;
			buildActionMask = 2147483647;
			files = (
				827360AB944A4436862049AB /* RAFShutterCountApp.swift in Sources */,
				AE66FD73DA744BD49F1D02F8 /* ContentView.swift in Sources */,
				2DE4141519B54B5BADF061A5 /* RAFShutterParser.swift in Sources */,
			);
			runOnlyForDeploymentPostprocessing = 0;
		};
/* End PBXSourcesBuildPhase section */

/* Begin PBXVariantGroup section */
		A1B2C3D4E5F6071829304052 /* Localizable.strings */ = {
			isa = PBXVariantGroup;
			children = (
				A1B2C3D4E5F607182930460 /* en */,
				A1B2C3D4E5F607182930461 /* fr */,
				A1B2C3D4E5F607182930462 /* zh-Hans */,
				A1B2C3D4E5F607182930463 /* fa */,
				A1B2C3D4E5F607182930464 /* de */,
				A1B2C3D4E5F607182930465 /* es */,
				A1B2C3D4E5F607182930466 /* it */,
				A1B2C3D4E5F607182930467 /* ru */,
				A1B2C3D4E5F607182930468 /* uk */,
			);
			name = Localizable.strings;
			sourceTree = "<group>";
		};
		A1B2C3D4E5F6071829304053 /* InfoPlist.strings */ = {
			isa = PBXVariantGroup;
			children = (
				A1B2C3D4E5F607182930480 /* en */,
				A1B2C3D4E5F607182930481 /* fr */,
				A1B2C3D4E5F607182930482 /* zh-Hans */,
				A1B2C3D4E5F607182930483 /* fa */,
				A1B2C3D4E5F607182930484 /* de */,
				A1B2C3D4E5F607182930485 /* es */,
				A1B2C3D4E5F607182930486 /* it */,
				A1B2C3D4E5F607182930487 /* ru */,
				A1B2C3D4E5F607182930488 /* uk */,
			);
			name = InfoPlist.strings;
			sourceTree = "<group>";
		};
/* End PBXVariantGroup section */

/* Begin XCBuildConfiguration section */
		28467CAA8CAB41A1823C8391 /* Debug */ = {
			isa = XCBuildConfiguration;
			buildSettings = {
				ALWAYS_SEARCH_USER_PATHS = NO;
				CLANG_ANALYZER_NONNULL = YES;
				CLANG_ANALYZER_NUMBER_OBJECT_CONVERSION = YES_AGGRESSIVE;
				CLANG_CXX_LANGUAGE_STANDARD = "gnu++20";
				CLANG_ENABLE_MODULES = YES;
				CLANG_ENABLE_OBJC_ARC = YES;
				CLANG_ENABLE_OBJC_WEAK = YES;
				CLANG_WARN_BLOCK_CAPTURE_AUTORELEASING = YES;
				CLANG_WARN_BOOL_CONVERSION = YES;
				CLANG_WARN_COMMA = YES;
				CLANG_WARN_CONSTANT_CONVERSION = YES;
				CLANG_WARN_DEPRECATED_OBJC_IMPLEMENTATIONS = YES;
				CLANG_WARN_DIRECT_OBJC_ISA_USAGE = YES_ERROR;
				CLANG_WARN_DOCUMENTATION_COMMENTS = YES;
				CLANG_WARN_EMPTY_BODY = YES;
				CLANG_WARN_ENUM_CONVERSION = YES;
				CLANG_WARN_INFINITE_RECURSION = YES;
				CLANG_WARN_INT_CONVERSION = YES;
				CLANG_WARN_NON_LITERAL_NULL_CONVERSION = YES;
				CLANG_WARN_OBJC_IMPLICIT_RETAIN_SELF = YES;
				CLANG_WARN_OBJC_LITERAL_CONVERSION = YES;
				CLANG_WARN_OBJC_ROOT_CLASS = YES_ERROR;
				CLANG_WARN_QUOTED_INCLUDE_IN_FRAMEWORK_HEADER = YES;
				CLANG_WARN_RANGE_LOOP_ANALYSIS = YES;
				CLANG_WARN_STRICT_PROTOTYPES = YES;
				CLANG_WARN_SUSPICIOUS_MOVE = YES;
				CLANG_WARN_UNGUARDED_AVAILABILITY = YES_AGGRESSIVE;
				CLANG_WARN_UNREACHABLE_CODE = YES;
				CLANG_WARN__DUPLICATE_METHOD_MATCH = YES;
				COPY_PHASE_STRIP = NO;
				DEBUG_INFORMATION_FORMAT = dwarf;
				ENABLE_STRICT_OBJC_MSGSEND = YES;
				ENABLE_TESTABILITY = YES;
				ENABLE_USER_SCRIPT_SANDBOXING = YES;
				GCC_C_LANGUAGE_STANDARD = gnu17;
				GCC_DYNAMIC_NO_PIC = NO;
				GCC_NO_COMMON_BLOCKS = YES;
				GCC_OPTIMIZATION_LEVEL = 0;
				GCC_PREPROCESSOR_DEFINITIONS = (
					"DEBUG=1",
					"$(inherited)",
				);
				GCC_WARN_64_TO_32_BIT_CONVERSION = YES;
				GCC_WARN_ABOUT_RETURN_TYPE = YES_ERROR;
				GCC_WARN_UNDECLARED_SELECTOR = YES;
				GCC_WARN_UNINITIALIZED_AUTOS = YES_AGGRESSIVE;
				GCC_WARN_UNUSED_FUNCTION = YES;
				GCC_WARN_UNUSED_VARIABLE = YES;
				IPHONEOS_DEPLOYMENT_TARGET = 16.0;
				MTL_ENABLE_DEBUG_INFO = INCLUDE_SOURCE;
				MTL_FAST_MATH = YES;
				ONLY_ACTIVE_ARCH = YES;
				SDKROOT = iphoneos;
				SWIFT_ACTIVE_COMPILATION_CONDITIONS = DEBUG;
				SWIFT_OPTIMIZATION_LEVEL = "-Onone";
			};
			name = Debug;
		};
		4E3496DC3AAD4EEB93509622 /* Debug */ = {
			isa = XCBuildConfiguration;
			buildSettings = {
				ASSETCATALOG_COMPILER_APPICON_NAME = AppIcon;
				CODE_SIGN_STYLE = Automatic;
				CURRENT_PROJECT_VERSION = 5;
				DERIVE_MACCATALYST_PRODUCT_BUNDLE_IDENTIFIER = YES;
				DEVELOPMENT_TEAM = PFWZK4L2HX;
				GENERATE_INFOPLIST_FILE = NO;
				INFOPLIST_FILE = RAFShutterCount/Info.plist;
				IPHONEOS_DEPLOYMENT_TARGET = 16.0;
				MACOSX_DEPLOYMENT_TARGET = 13.0;
				MARKETING_VERSION = 2.3.0;
				PRODUCT_BUNDLE_IDENTIFIER = com.sorooshaghaei.rafshuttercount;
				PRODUCT_NAME = "$(TARGET_NAME)";
				SUPPORTED_PLATFORMS = "iphoneos iphonesimulator macosx";
				SUPPORTS_MACCATALYST = YES;
				SUPPORTS_MAC_DESIGNED_FOR_IPHONE_IPAD = YES;
				SWIFT_EMIT_LOC_STRINGS = YES;
				SWIFT_VERSION = 5.0;
				TARGETED_DEVICE_FAMILY = "1,2,6";
			};
			name = Debug;
		};
		9F4F464ECB684B6D827BA43A /* Release */ = {
			isa = XCBuildConfiguration;
			buildSettings = {
				ASSETCATALOG_COMPILER_APPICON_NAME = AppIcon;
				CODE_SIGN_STYLE = Automatic;
				CURRENT_PROJECT_VERSION = 5;
				DERIVE_MACCATALYST_PRODUCT_BUNDLE_IDENTIFIER = YES;
				DEVELOPMENT_TEAM = PFWZK4L2HX;
				GENERATE_INFOPLIST_FILE = NO;
				INFOPLIST_FILE = RAFShutterCount/Info.plist;
				IPHONEOS_DEPLOYMENT_TARGET = 16.0;
				MACOSX_DEPLOYMENT_TARGET = 13.0;
				MARKETING_VERSION = 2.3.0;
				PRODUCT_BUNDLE_IDENTIFIER = com.sorooshaghaei.rafshuttercount;
				PRODUCT_NAME = "$(TARGET_NAME)";
				SUPPORTED_PLATFORMS = "iphoneos iphonesimulator macosx";
				SUPPORTS_MACCATALYST = YES;
				SUPPORTS_MAC_DESIGNED_FOR_IPHONE_IPAD = YES;
				SWIFT_EMIT_LOC_STRINGS = YES;
				SWIFT_VERSION = 5.0;
				TARGETED_DEVICE_FAMILY = "1,2,6";
			};
			name = Release;
		};
		F7B56813604D4E048C8094F5 /* Release */ = {
			isa = XCBuildConfiguration;
			buildSettings = {
				ALWAYS_SEARCH_USER_PATHS = NO;
				CLANG_ANALYZER_NONNULL = YES;
				CLANG_ANALYZER_NUMBER_OBJECT_CONVERSION = YES_AGGRESSIVE;
				CLANG_CXX_LANGUAGE_STANDARD = "gnu++20";
				CLANG_ENABLE_MODULES = YES;
				CLANG_ENABLE_OBJC_ARC = YES;
				CLANG_ENABLE_OBJC_WEAK = YES;
				CLANG_WARN_BLOCK_CAPTURE_AUTORELEASING = YES;
				CLANG_WARN_BOOL_CONVERSION = YES;
				CLANG_WARN_COMMA = YES;
				CLANG_WARN_CONSTANT_CONVERSION = YES;
				CLANG_WARN_DEPRECATED_OBJC_IMPLEMENTATIONS = YES;
				CLANG_WARN_DIRECT_OBJC_ISA_USAGE = YES_ERROR;
				CLANG_WARN_DOCUMENTATION_COMMENTS = YES;
				CLANG_WARN_EMPTY_BODY = YES;
				CLANG_WARN_ENUM_CONVERSION = YES;
				CLANG_WARN_INFINITE_RECURSION = YES;
				CLANG_WARN_INT_CONVERSION = YES;
				CLANG_WARN_NON_LITERAL_NULL_CONVERSION = YES;
				CLANG_WARN_OBJC_IMPLICIT_RETAIN_SELF = YES;
				CLANG_WARN_OBJC_LITERAL_CONVERSION = YES;
				CLANG_WARN_OBJC_ROOT_CLASS = YES_ERROR;
				CLANG_WARN_QUOTED_INCLUDE_IN_FRAMEWORK_HEADER = YES;
				CLANG_WARN_RANGE_LOOP_ANALYSIS = YES;
				CLANG_WARN_STRICT_PROTOTYPES = YES;
				CLANG_WARN_SUSPICIOUS_MOVE = YES;
				CLANG_WARN_UNGUARDED_AVAILABILITY = YES_AGGRESSIVE;
				CLANG_WARN_UNREACHABLE_CODE = YES;
				CLANG_WARN__DUPLICATE_METHOD_MATCH = YES;
				COPY_PHASE_STRIP = NO;
				DEBUG_INFORMATION_FORMAT = "dwarf-with-dsym";
				ENABLE_NS_ASSERTIONS = NO;
				ENABLE_STRICT_OBJC_MSGSEND = YES;
				ENABLE_USER_SCRIPT_SANDBOXING = YES;
				GCC_C_LANGUAGE_STANDARD = gnu17;
				GCC_NO_COMMON_BLOCKS = YES;
				GCC_WARN_64_TO_32_BIT_CONVERSION = YES;
				GCC_WARN_ABOUT_RETURN_TYPE = YES_ERROR;
				GCC_WARN_UNDECLARED_SELECTOR = YES;
				GCC_WARN_UNINITIALIZED_AUTOS = YES_AGGRESSIVE;
				GCC_WARN_UNUSED_FUNCTION = YES;
				GCC_WARN_UNUSED_VARIABLE = YES;
				IPHONEOS_DEPLOYMENT_TARGET = 16.0;
				MTL_ENABLE_DEBUG_INFO = NO;
				MTL_FAST_MATH = YES;
				SDKROOT = iphoneos;
				SWIFT_COMPILATION_MODE = wholemodule;
				SWIFT_OPTIMIZATION_LEVEL = "-O";
				VALIDATE_PRODUCT = YES;
			};
			name = Release;
		};
/* End XCBuildConfiguration section */

/* Begin XCConfigurationList section */
		7772E5DC87494580B2D09FC4 /* Build configuration list for PBXNativeTarget "RAFShutterCount" */ = {
			isa = XCConfigurationList;
			buildConfigurations = (
				4E3496DC3AAD4EEB93509622 /* Debug */,
				9F4F464ECB684B6D827BA43A /* Release */,
			);
			defaultConfigurationIsVisible = 0;
			defaultConfigurationName = Release;
		};
		BC76B53BA679439597A010D7 /* Build configuration list for PBXProject "RAFShutterCount" */ = {
			isa = XCConfigurationList;
			buildConfigurations = (
				28467CAA8CAB41A1823C8391 /* Debug */,
				F7B56813604D4E048C8094F5 /* Release */,
			);
			defaultConfigurationIsVisible = 0;
			defaultConfigurationName = Release;
		};
/* End XCConfigurationList section */
	};
	rootObject = 010C3D2E7C2545E1AD526AAC /* Project object */;
}
